
Microsoft Visual Studio Solution File, Format Version 12.00
# Visual Studio Version 17
VisualStudioVersion = 17.8.34004.107
MinimumVisualStudioVersion = 10.0.40219.1
Project("{9A19103F-16F7-4668-BE54-9A1E7A4F7556}") = "OpenCredentialPublisher.Credentials", "OpenCredentialPublisher.Credentials.csproj", "{DA147F59-30C2-4D49-9213-E502AEE0B838}"
EndProject
Project("{9A19103F-16F7-4668-BE54-9A1E7A4F7556}") = "OpenCredentialPublisher.Credentials.Tests", "..\OpenCredentialPublisher.Credentials.Tests\OpenCredentialPublisher.Credentials.Tests.csproj", "{81DCA518-948E-4452-837D-A6FAC6022264}"
EndProject
Project("{2150E333-8FDC-42A3-9474-1A3956D46DE8}") = "Solution Items", "Solution Items", "{AFC2F2B4-3F97-42DB-8297-3B361690D8EE}"
	ProjectSection(SolutionItems) = preProject
		.github\workflows\dotnet.yml = .github\workflows\dotnet.yml
	EndProjectSection
EndProject
Global
	GlobalSection(SolutionConfigurationPlatforms) = preSolution
		Debug|Any CPU = Debug|Any CPU
		Release|Any CPU = Release|Any CPU
	EndGlobalSection
	GlobalSection(ProjectConfigurationPlatforms) = postSolution
		{DA147F59-30C2-4D49-9213-E502AEE0B838}.Debug|Any CPU.ActiveCfg = Debug|Any CPU
		{DA147F59-30C2-4D49-9213-E502AEE0B838}.Debug|Any CPU.Build.0 = Debug|Any CPU
		{DA147F59-30C2-4D49-9213-E502AEE0B838}.Release|Any CPU.ActiveCfg = Release|Any CPU
		{DA147F59-30C2-4D49-9213-E502AEE0B838}.Release|Any CPU.Build.0 = Release|Any CPU
		{81DCA518-948E-4452-837D-A6FAC6022264}.Debug|Any CPU.ActiveCfg = Debug|Any CPU
		{81DCA518-948E-4452-837D-A6FAC6022264}.Debug|Any CPU.Build.0 = Debug|Any CPU
		{81DCA518-948E-4452-837D-A6FAC6022264}.Release|Any CPU.ActiveCfg = Release|Any CPU
		{81DCA518-948E-4452-837D-A6FAC6022264}.Release|Any CPU.Build.0 = Release|Any CPU
	EndGlobalSection
	GlobalSection(SolutionProperties) = preSolution
		HideSolutionNode = FALSE
	EndGlobalSection
	GlobalSection(ExtensibilityGlobals) = postSolution
		SolutionGuid = {6D991EDD-9C43-44B7-97AA-E72A616FBFAB}
	EndGlobalSection
EndGlobal
